
Microsoft Visual Studio Solution File, Format Version 12.00
# Visual Studio Version 17
VisualStudioVersion = 17.9.34607.119
MinimumVisualStudioVersion = 10.0.40219.1
Project("{FAE04EC0-301F-11D3-BF4B-00C04F79EFBC}") = "03.EFRestaurantReservation", "03.EFRestaurantReservation\03.EFRestaurantReservation.csproj", "{DF3AD0FF-89D0-481D-B6A1-7C612C4BC244}"
EndProject
Global
	GlobalSection(SolutionConfigurationPlatforms) = preSolution
		Debug|Any CPU = Debug|Any CPU
		Release|Any CPU = Release|Any CPU
	EndGlobalSection
	GlobalSection(ProjectConfigurationPlatforms) = postSolution
		{DF3AD0FF-89D0-481D-B6A1-7C612C4BC244}.Debug|Any CPU.ActiveCfg = Debug|Any CPU
		{DF3AD0FF-89D0-481D-B6A1-7C612C4BC244}.Debug|Any CPU.Build.0 = Debug|Any CPU
		{DF3AD0FF-89D0-481D-B6A1-7C612C4BC244}.Release|Any CPU.ActiveCfg = Release|Any CPU
		{DF3AD0FF-89D0-481D-B6A1-7C612C4BC244}.Release|Any CPU.Build.0 = Release|Any CPU
	EndGlobalSection
	GlobalSection(SolutionProperties) = preSolution
		HideSolutionNode = FALSE
	EndGlobalSection
	GlobalSection(ExtensibilityGlobals) = postSolution
		SolutionGuid = {02EDF041-5F2D-49F2-B83B-447E9B677E87}
	EndGlobalSection
EndGlobal
